
Microsoft Visual Studio Solution File, Format Version 12.00
Project("{FAE04EC0-301F-11D3-BF4B-00C04F79EFBC}") = "NotesBackend", "NotesBackend\NotesBackend.csproj", "{853CDD5A-49E8-4C47-BDA2-FCF92E36886C}"
EndProject
Global
	GlobalSection(SolutionConfigurationPlatforms) = preSolution
		Debug|Any CPU = Debug|Any CPU
		Release|Any CPU = Release|Any CPU
	EndGlobalSection
	GlobalSection(ProjectConfigurationPlatforms) = postSolution
		{853CDD5A-49E8-4C47-BDA2-FCF92E36886C}.Debug|Any CPU.ActiveCfg = Debug|Any CPU
		{853CDD5A-49E8-4C47-BDA2-FCF92E36886C}.Debug|Any CPU.Build.0 = Debug|Any CPU
		{853CDD5A-49E8-4C47-BDA2-FCF92E36886C}.Release|Any CPU.ActiveCfg = Release|Any CPU
		{853CDD5A-49E8-4C47-BDA2-FCF92E36886C}.Release|Any CPU.Build.0 = Release|Any CPU
	EndGlobalSection
EndGlobal
